// !$*UTF8*$!
{
	archiveVersion = 1;
	classes = {
	};
	objectVersion = 50;
	objects = {

/* Begin PBXBuildFile section */
		6393B4E42128B28A00ACDEAE /* AppDelegate.m in Sources */ = {isa = PBXBuildFile; fileRef = 6393B4E32128B28A00ACDEAE /* AppDelegate.m */; };
		6393B4E72128B28A00ACDEAE /* ViewController.m in Sources */ = {isa = PBXBuildFile; fileRef = 6393B4E62128B28A00ACDEAE /* ViewController.m */; };
		6393B4EA2128B28A00ACDEAE /* Main.storyboard in Resources */ = {isa = PBXBuildFile; fileRef = 6393B4E82128B28A00ACDEAE /* Main.storyboard */; };
		6393B4EC2128B28B00ACDEAE /* Assets.xcassets in Resources */ = {isa = PBXBuildFile; fileRef = 6393B4EB2128B28B00ACDEAE /* Assets.xcassets */; };
		6393B4EF2128B28B00ACDEAE /* LaunchScreen.storyboard in Resources */ = {isa = PBXBuildFile; fileRef = 6393B4ED2128B28B00ACDEAE /* LaunchScreen.storyboard */; };
		6393B4F22128B28B00ACDEAE /* main.m in Sources */ = {isa = PBXBuildFile; fileRef = 6393B4F12128B28B00ACDEAE /* main.m */; };
/* End PBXBuildFile section */

/* Begin PBXFileReference section */
		6393B4DF2128B28A00ACDEAE /* ApproveNotification.app */ = {isa = PBXFileReference; explicitFileType = wrapper.application; includeInIndex = 0; path = ApproveNotification.app; sourceTree = BUILT_PRODUCTS_DIR; };
		6393B4E22128B28A00ACDEAE /* AppDelegate.h */ = {isa = PBXFileReference; lastKnownFileType = sourcecode.c.h; path = AppDelegate.h; sourceTree = "<group>"; };
		6393B4E32128B28A00ACDEAE /* AppDelegate.m */ = {isa = PBXFileReference; lastKnownFileType = sourcecode.c.objc; path = AppDelegate.m; sourceTree = "<group>"; };
		6393B4E52128B28A00ACDEAE /* ViewController.h */ = {isa = PBXFileReference; lastKnownFileType = sourcecode.c.h; path = ViewController.h; sourceTree = "<group>"; };
		6393B4E62128B28A00ACDEAE /* ViewController.m */ = {isa = PBXFileReference; lastKnownFileType = sourcecode.c.objc; path = ViewController.m; sourceTree = "<group>"; };
		6393B4E92128B28A00ACDEAE /* Base */ = {isa = PBXFileReference; lastKnownFileType = file.storyboard; name = Base; path = Base.lproj/Main.storyboard; sourceTree = "<group>"; };
		6393B4EB2128B28B00ACDEAE /* Assets.xcassets */ = {isa = PBXFileReference; lastKnownFileType = folder.assetcatalog; path = Assets.xcassets; sourceTree = "<group>"; };
		6393B4EE2128B28B00ACDEAE /* Base */ = {isa = PBXFileReference; lastKnownFileType = file.storyboard; name = Base; path = Base.lproj/LaunchScreen.storyboard; sourceTree = "<group>"; };
		6393B4F02128B28B00ACDEAE /* Info.plist */ = {isa = PBXFileReference; lastKnownFileType = text.plist.xml; path = Info.plist; sourceTree = "<group>"; };
		6393B4F12128B28B00ACDEAE /* main.m */ = {isa = PBXFileReference; lastKnownFileType = sourcecode.c.objc; path = main.m; sourceTree = "<group>"; };
/* End PBXFileReference section */

/* Begin PBXFrameworksBuildPhase section */
		6393B4DC2128B28900ACDEAE /* Frameworks */ = {
			isa = PBXFrameworksBuildPhase;
			buildActionMask = 2147483647;
			files = (
			);
			runOnlyForDeploymentPostprocessing = 0;
		};
/* End PBXFrameworksBuildPhase section */

/* Begin PBXGroup section */
		6393B4D62128B28900ACDEAE = {
			isa = PBXGroup;
			children = (
				6393B4E12128B28A00ACDEAE /* ApproveNotification */,
				6393B4E02128B28A00ACDEAE /* Products */,
			);
			sourceTree = "<group>";
		};
		6393B4E02128B28A00ACDEAE /* Products */ = {
			isa = PBXGroup;
			children = (
				6393B4DF2128B28A00ACDEAE /* ApproveNotification.app */,
			);
			name = Products;
			sourceTree = "<group>";
		};
		6393B4E12128B28A00ACDEAE /* ApproveNotification */ = {
			isa = PBXGroup;
			children = (
				6393B4E22128B28A00ACDEAE /* AppDelegate.h */,
				6393B4E32128B28A00ACDEAE /* AppDelegate.m */,
				6393B4E52128B28A00ACDEAE /* ViewController.h */,
				6393B4E62128B28A00ACDEAE /* ViewController.m */,
				6393B4E82128B28A00ACDEAE /* Main.storyboard */,
				6393B4EB2128B28B00ACDEAE /* Assets.xcassets */,
				6393B4ED2128B28B00ACDEAE /* LaunchScreen.storyboard */,
				6393B4F02128B28B00ACDEAE /* Info.plist */,
				6393B4F12128B28B00ACDEAE /* main.m */,
			);
			path = ApproveNotification;
			sourceTree = "<group>";
		};
/* End PBXGroup section */

/* Begin PBXNativeTarget section */
		6393B4DE2128B28900ACDEAE /* ApproveNotification */ = {
			isa = PBXNativeTarget;
			buildConfigurationList = 6393B4F52128B28B00ACDEAE /* Build configuration list for PBXNativeTarget "ApproveNotification" */;
			buildPhases = (
				6393B4DB2128B28900ACDEAE /* Sources */,
				6393B4DC2128B28900ACDEAE /* Frameworks */,
				6393B4DD2128B28900ACDEAE /* Resources */,
			);
			buildRules = (
			);
			dependencies = (
			);
			name = ApproveNotification;
			productName = ApproveNotification;
			productReference = 6393B4DF2128B28A00ACDEAE /* ApproveNotification.app */;
			productType = "com.apple.product-type.application";
		};
/* End PBXNativeTarget section */

/* Begin PBXProject section */
		6393B4D72128B28900ACDEAE /* Project object */ = {
			isa = PBXProject;
			attributes = {
				LastUpgradeCheck = 0940;
				ORGANIZATIONNAME = "Artur Mirrov";
				TargetAttributes = {
					6393B4DE2128B28900ACDEAE = {
						CreatedOnToolsVersion = 9.4.1;
					};
				};
			};
			buildConfigurationList = 6393B4DA2128B28900ACDEAE /* Build configuration list for PBXProject "ApproveNotification" */;
			compatibilityVersion = "Xcode 9.3";
			developmentRegion = en;
			hasScannedForEncodings = 0;
			knownRegions = (
				en,
				Base,
			);
			mainGroup = 6393B4D62128B28900ACDEAE;
			productRefGroup = 6393B4E02128B28A00ACDEAE /* Products */;
			projectDirPath = "";
			projectRoot = "";
			targets = (
				6393B4DE2128B28900ACDEAE /* ApproveNotification */,
			);
		};
/* End PBXProject section */

/* Begin PBXResourcesBuildPhase section */
		6393B4DD2128B28900ACDEAE /* Resources */ = {
			isa = PBXResourcesBuildPhase;
			buildActionMask = 2147483647;
			files = (
				6393B4EF2128B28B00ACDEAE /* LaunchScreen.storyboard in Resources */,
				6393B4EC2128B28B00ACDEAE /* Assets.xcassets in Resources */,
				6393B4EA2128B28A00ACDEAE /* Main.storyboard in Resources */,
			);
			runOnlyForDeploymentPostprocessing = 0;
		};
/* End PBXResourcesBuildPhase section */

/* Begin PBXSourcesBuildPhase section */
		6393B4DB2128B28900ACDEAE /* Sources */ = {
			isa = PBXSourcesBuildPhase;
			buildActionMask = 2147483647;
			files = (
				6393B4E72128B28A00ACDEAE /* ViewController.m in Sources */,
				6393B4F22128B28B00ACDEAE /* main.m in Sources */,
				6393B4E42128B28A00ACDEAE /* AppDelegate.m in Sources */,
			);
			runOnlyForDeploymentPostprocessing = 0;
		};
/* End PBXSourcesBuildPhase section */

/* Begin PBXVariantGroup section */
		6393B4E82128B28A00ACDEAE /* Main.storyboard */ = {
			isa = PBXVariantGroup;
			children = (
				6393B4E92128B28A00ACDEAE /* Base */,
			);
			name = Main.storyboard;
			sourceTree = "<group>";
		};
		6393B4ED2128B28B00ACDEAE /* LaunchScreen.storyboard */ = {
			isa = PBXVariantGroup;
			children = (
				6393B4EE2128B28B00ACDEAE /* Base */,
			);
			name = LaunchScreen.storyboard;
			sourceTree = "<group>";
		};
/* End PBXVariantGroup section */

/* Begin XCBuildConfiguration section */
		6393B4F32128B28B00ACDEAE /* Debug */ = {
			isa = XCBuildConfiguration;
			buildSettings = {
				ALWAYS_SEARCH_USER_PATHS = NO;
				CLANG_ANALYZER_NONNULL = YES;
				CLANG_ANALYZER_NUMBER_OBJECT_CONVERSION = YES_AGGRESSIVE;
				CLANG_CXX_LANGUAGE_STANDARD = "gnu++14";
				CLANG_CXX_LIBRARY = "libc++";
				CLANG_ENABLE_MODULES = YES;
				CLANG_ENABLE_OBJC_ARC = YES;
				CLANG_ENABLE_OBJC_WEAK = YES;
				CLANG_WARN_BLOCK_CAPTURE_AUTORELEASING = YES;
				CLANG_WARN_BOOL_CONVERSION = YES;
				CLANG_WARN_COMMA = YES;
				CLANG_WARN_CONSTANT_CONVERSION = YES;
				CLANG_WARN_DEPRECATED_OBJC_IMPLEMENTATIONS = YES;
				CLANG_WARN_DIRECT_OBJC_ISA_USAGE = YES_ERROR;
				CLANG_WARN_DOCUMENTATION_COMMENTS = YES;
				CLANG_WARN_EMPTY_BODY = YES;
				CLANG_WARN_ENUM_CONVERSION = YES;
				CLANG_WARN_INFINITE_RECURSION = YES;
				CLANG_WARN_INT_CONVERSION = YES;
				CLANG_WARN_NON_LITERAL_NULL_CONVERSION = YES;
				CLANG_WARN_OBJC_IMPLICIT_RETAIN_SELF = YES;
				CLANG_WARN_OBJC_LITERAL_CONVERSION = YES;
				CLANG_WARN_OBJC_ROOT_CLASS = YES_ERROR;
				CLANG_WARN_RANGE_LOOP_ANALYSIS = YES;
				CLANG_WARN_STRICT_PROTOTYPES = YES;
				CLANG_WARN_SUSPICIOUS_MOVE = YES;
				CLANG_WARN_UNGUARDED_AVAILABILITY = YES_AGGRESSIVE;
				CLANG_WARN_UNREACHABLE_CODE = YES;
				CLANG_WARN__DUPLICATE_METHOD_MATCH = YES;
				CODE_SIGN_IDENTITY = "iPhone Developer";
				COPY_PHASE_STRIP = NO;
				DEBUG_INFORMATION_FORMAT = dwarf;
				ENABLE_STRICT_OBJC_MSGSEND = YES;
				ENABLE_TESTABILITY = YES;
				GCC_C_LANGUAGE_STANDARD = gnu11;
				GCC_DYNAMIC_NO_PIC = NO;
				GCC_NO_COMMON_BLOCKS = YES;
				GCC_OPTIMIZATION_LEVEL = 0;
				GCC_PREPROCESSOR_DEFINITIONS = (
					"DEBUG=1",
					"$(inherited)",
				);
				GCC_WARN_64_TO_32_BIT_CONVERSION = YES;
				GCC_WARN_ABOUT_RETURN_TYPE = YES_ERROR;
				GCC_WARN_UNDECLARED_SELECTOR = YES;
				GCC_WARN_UNINITIALIZED_AUTOS = YES_AGGRESSIVE;
				GCC_WARN_UNUSED_FUNCTION = YES;
				GCC_WARN_UNUSED_VARIABLE = YES;
				IPHONEOS_DEPLOYMENT_TARGET = 11.4;
				MTL_ENABLE_DEBUG_INFO = YES;
				ONLY_ACTIVE_ARCH = YES;
				SDKROOT = iphoneos;
			};
			name = Debug;
		};
		6393B4F42128B28B00ACDEAE /* Release */ = {
			isa = XCBuildConfiguration;
			buildSettings = {
				ALWAYS_SEARCH_USER_PATHS = NO;
				CLANG_ANALYZER_NONNULL = YES;
				CLANG_ANALYZER_NUMBER_OBJECT_CONVERSION = YES_AGGRESSIVE;
				CLANG_CXX_LANGUAGE_STANDARD = "gnu++14";
				CLANG_CXX_LIBRARY = "libc++";
				CLANG_ENABLE_MODULES = YES;
				CLANG_ENABLE_OBJC_ARC = YES;
				CLANG_ENABLE_OBJC_WEAK = YES;
				CLANG_WARN_BLOCK_CAPTURE_AUTORELEASING = YES;
				CLANG_WARN_BOOL_CONVERSION = YES;
				CLANG_WARN_COMMA = YES;
				CLANG_WARN_CONSTANT_CONVERSION = YES;
				CLANG_WARN_DEPRECATED_OBJC_IMPLEMENTATIONS = YES;
				CLANG_WARN_DIRECT_OBJC_ISA_USAGE = YES_ERROR;
				CLANG_WARN_DOCUMENTATION_COMMENTS = YES;
				CLANG_WARN_EMPTY_BODY = YES;
				CLANG_WARN_ENUM_CONVERSION = YES;
				CLANG_WARN_INFINITE_RECURSION = YES;
				CLANG_WARN_INT_CONVERSION = YES;
				CLANG_WARN_NON_LITERAL_NULL_CONVERSION = YES;
				CLANG_WARN_OBJC_IMPLICIT_RETAIN_SELF = YES;
				CLANG_WARN_OBJC_LITERAL_CONVERSION = YES;
				CLANG_WARN_OBJC_ROOT_CLASS = YES_ERROR;
				CLANG_WARN_RANGE_LOOP_ANALYSIS = YES;
				CLANG_WARN_STRICT_PROTOTYPES = YES;
				CLANG_WARN_SUSPICIOUS_MOVE = YES;
				CLANG_WARN_UNGUARDED_AVAILABILITY = YES_AGGRESSIVE;
				CLANG_WARN_UNREACHABLE_CODE = YES;
				CLANG_WARN__DUPLICATE_METHOD_MATCH = YES;
				CODE_SIGN_IDENTITY = "iPhone Developer";
				COPY_PHASE_STRIP = NO;
				DEBUG_INFORMATION_FORMAT = "dwarf-with-dsym";
				ENABLE_NS_ASSERTIONS = NO;
				ENABLE_STRICT_OBJC_MSGSEND = YES;
				GCC_C_LANGUAGE_STANDARD = gnu11;
				GCC_NO_COMMON_BLOCKS = YES;
				GCC_WARN_64_TO_32_BIT_CONVERSION = YES;
				GCC_WARN_ABOUT_RETURN_TYPE = YES_ERROR;
				GCC_WARN_UNDECLARED_SELECTOR = YES;
				GCC_WARN_UNINITIALIZED_AUTOS = YES_AGGRESSIVE;
				GCC_WARN_UNUSED_FUNCTION = YES;
				GCC_WARN_UNUSED_VARIABLE = YES;
				IPHONEOS_DEPLOYMENT_TARGET = 11.4;
				MTL_ENABLE_DEBUG_INFO = NO;
				SDKROOT = iphoneos;
				VALIDATE_PRODUCT = YES;
			};
			name = Release;
		};
		6393B4F62128B28B00ACDEAE /* Debug */ = {
			isa = XCBuildConfiguration;
			buildSettings = {
				ASSETCATALOG_COMPILER_APPICON_NAME = AppIcon;
				CODE_SIGN_STYLE = Automatic;
				INFOPLIST_FILE = ApproveNotification/Info.plist;
				LD_RUNPATH_SEARCH_PATHS = (
					"$(inherited)",
					"@executable_path/Frameworks",
				);
				PRODUCT_BUNDLE_IDENTIFIER = ru.test.app.ApproveNotification;
				PRODUCT_NAME = "$(TARGET_NAME)";
				TARGETED_DEVICE_FAMILY = "1,2";
			};
			name = Debug;
		};
		6393B4F72128B28B00ACDEAE /* Release */ = {
			isa = XCBuildConfiguration;
			buildSettings = {
				ASSETCATALOG_COMPILER_APPICON_NAME = AppIcon;
				CODE_SIGN_STYLE = Automatic;
				INFOPLIST_FILE = ApproveNotification/Info.plist;
				LD_RUNPATH_SEARCH_PATHS = (
					"$(inherited)",
					"@executable_path/Frameworks",
				);
				PRODUCT_BUNDLE_IDENTIFIER = ru.test.app.ApproveNotification;
				PRODUCT_NAME = "$(TARGET_NAME)";
				TARGETED_DEVICE_FAMILY = "1,2";
			};
			name = Release;
		};
/* End XCBuildConfiguration section */

/* Begin XCConfigurationList section */
		6393B4DA2128B28900ACDEAE /* Build configuration list for PBXProject "ApproveNotification" */ = {
			isa = XCConfigurationList;
			buildConfigurations = (
				6393B4F32128B28B00ACDEAE /* Debug */,
				6393B4F42128B28B00ACDEAE /* Release */,
			);
			defaultConfigurationIsVisible = 0;
			defaultConfigurationName = Release;
		};
		6393B4F52128B28B00ACDEAE /* Build configuration list for PBXNativeTarget "ApproveNotification" */ = {
			isa = XCConfigurationList;
			buildConfigurations = (
				6393B4F62128B28B00ACDEAE /* Debug */,
				6393B4F72128B28B00ACDEAE /* Release */,
			);
			defaultConfigurationIsVisible = 0;
			defaultConfigurationName = Release;
		};
/* End XCConfigurationList section */
	};
	rootObject = 6393B4D72128B28900ACDEAE /* Project object */;
}
